
Microsoft Visual Studio Solution File, Format Version 11.00
# Visual Studio 2010
Project("{FAE04EC0-301F-11D3-BF4B-00C04F79EFBC}") = "Assembly-CSharp", "Assembly-CSharp.csproj", "{DE3D0460-802D-53BF-F0D2-9912D51A35EF}"
EndProject
Project("{FAE04EC0-301F-11D3-BF4B-00C04F79EFBC}") = "DOTween.Modules", "DOTween.Modules.csproj", "{9E066690-A664-69A2-2303-53B66E203AD2}"
EndProject
Project("{FAE04EC0-301F-11D3-BF4B-00C04F79EFBC}") = "Assembly-CSharp-Editor", "Assembly-CSharp-Editor.csproj", "{86756E60-AE6D-2128-69D0-B6672190CA4E}"
EndProject
Global
	GlobalSection(SolutionConfigurationPlatforms) = preSolution
		Debug|Any CPU = Debug|Any CPU
		Release|Any CPU = Release|Any CPU
	EndGlobalSection
	GlobalSection(ProjectConfigurationPlatforms) = postSolution
		{DE3D0460-802D-53BF-F0D2-9912D51A35EF}.Debug|Any CPU.ActiveCfg = Debug|Any CPU
		{DE3D0460-802D-53BF-F0D2-9912D51A35EF}.Debug|Any CPU.Build.0 = Debug|Any CPU
		{DE3D0460-802D-53BF-F0D2-9912D51A35EF}.Release|Any CPU.ActiveCfg = Release|Any CPU
		{DE3D0460-802D-53BF-F0D2-9912D51A35EF}.Release|Any CPU.Build.0 = Release|Any CPU
		{9E066690-A664-69A2-2303-53B66E203AD2}.Debug|Any CPU.ActiveCfg = Debug|Any CPU
		{9E066690-A664-69A2-2303-53B66E203AD2}.Debug|Any CPU.Build.0 = Debug|Any CPU
		{9E066690-A664-69A2-2303-53B66E203AD2}.Release|Any CPU.ActiveCfg = Release|Any CPU
		{9E066690-A664-69A2-2303-53B66E203AD2}.Release|Any CPU.Build.0 = Release|Any CPU
		{86756E60-AE6D-2128-69D0-B6672190CA4E}.Debug|Any CPU.ActiveCfg = Debug|Any CPU
		{86756E60-AE6D-2128-69D0-B6672190CA4E}.Debug|Any CPU.Build.0 = Debug|Any CPU
		{86756E60-AE6D-2128-69D0-B6672190CA4E}.Release|Any CPU.ActiveCfg = Release|Any CPU
		{86756E60-AE6D-2128-69D0-B6672190CA4E}.Release|Any CPU.Build.0 = Release|Any CPU
	EndGlobalSection
	GlobalSection(SolutionProperties) = preSolution
		HideSolutionNode = FALSE
	EndGlobalSection
EndGlobal
